
Microsoft Visual Studio Solution File, Format Version 12.00
# Visual Studio 14
VisualStudioVersion = 14.0.25420.1
MinimumVisualStudioVersion = 10.0.40219.1
Project("{8BC9CEB8-8B4A-11D0-8D11-00A0C91BC942}") = "vvv", "vvv\vvv.vcxproj", "{D7886B40-9100-4447-95EB-CE558C515560}"
	ProjectSection(ProjectDependencies) = postProject
		{4C1B2EAD-2366-48BC-B596-5855FAA71930} = {4C1B2EAD-2366-48BC-B596-5855FAA71930}
		{F273BCEF-81E9-44EA-9A03-A49359ED905C} = {F273BCEF-81E9-44EA-9A03-A49359ED905C}
	EndProjectSection
EndProject
Project("{8BC9CEB8-8B4A-11D0-8D11-00A0C91BC942}") = "s0", "s0\s0.vcxproj", "{F74613D8-F080-4B06-9D51-3963DE071E4C}"
EndProject
Project("{8BC9CEB8-8B4A-11D0-8D11-00A0C91BC942}") = "dbg", "dbg\dbg.vcxproj", "{353DC91C-7C9C-46FF-A554-3DF18F7895AA}"
	ProjectSection(ProjectDependencies) = postProject
		{4C1B2EAD-2366-48BC-B596-5855FAA71930} = {4C1B2EAD-2366-48BC-B596-5855FAA71930}
		{F74613D8-F080-4B06-9D51-3963DE071E4C} = {F74613D8-F080-4B06-9D51-3963DE071E4C}
	EndProjectSection
EndProject
Project("{8BC9CEB8-8B4A-11D0-8D11-00A0C91BC942}") = "Utils", "Utils\Utils.vcxproj", "{72AFD829-9419-401D-9B8D-CEACC96B7C70}"
EndProject
Project("{8BC9CEB8-8B4A-11D0-8D11-00A0C91BC942}") = "FileInfo", "FileInfo\FileInfo.vcxproj", "{4C1B2EAD-2366-48BC-B596-5855FAA71930}"
	ProjectSection(ProjectDependencies) = postProject
		{72AFD829-9419-401D-9B8D-CEACC96B7C70} = {72AFD829-9419-401D-9B8D-CEACC96B7C70}
		{F74613D8-F080-4B06-9D51-3963DE071E4C} = {F74613D8-F080-4B06-9D51-3963DE071E4C}
	EndProjectSection
EndProject
Project("{8BC9CEB8-8B4A-11D0-8D11-00A0C91BC942}") = "s1", "s1\s1.vcxproj", "{F273BCEF-81E9-44EA-9A03-A49359ED905C}"
	ProjectSection(ProjectDependencies) = postProject
		{353DC91C-7C9C-46FF-A554-3DF18F7895AA} = {353DC91C-7C9C-46FF-A554-3DF18F7895AA}
		{F74613D8-F080-4B06-9D51-3963DE071E4C} = {F74613D8-F080-4B06-9D51-3963DE071E4C}
	EndProjectSection
EndProject
Project("{2150E333-8FDC-42A3-9474-1A3956D46DE8}") = "Solution Items", "Solution Items", "{534CCC4B-A48C-4DBF-AA58-D9AE28EE7D46}"
	ProjectSection(SolutionItems) = preProject
		CommonEnv.h = CommonEnv.h
	EndProjectSection
EndProject
Global
	GlobalSection(SolutionConfigurationPlatforms) = preSolution
		Debug|x64 = Debug|x64
		Debug|x86 = Debug|x86
		Release|x64 = Release|x64
		Release|x86 = Release|x86
	EndGlobalSection
	GlobalSection(ProjectConfigurationPlatforms) = postSolution
		{D7886B40-9100-4447-95EB-CE558C515560}.Debug|x64.ActiveCfg = Debug|x64
		{D7886B40-9100-4447-95EB-CE558C515560}.Debug|x64.Build.0 = Debug|x64
		{D7886B40-9100-4447-95EB-CE558C515560}.Debug|x86.ActiveCfg = Debug|Win32
		{D7886B40-9100-4447-95EB-CE558C515560}.Debug|x86.Build.0 = Debug|Win32
		{D7886B40-9100-4447-95EB-CE558C515560}.Release|x64.ActiveCfg = Release|x64
		{D7886B40-9100-4447-95EB-CE558C515560}.Release|x64.Build.0 = Release|x64
		{D7886B40-9100-4447-95EB-CE558C515560}.Release|x86.ActiveCfg = Release|Win32
		{D7886B40-9100-4447-95EB-CE558C515560}.Release|x86.Build.0 = Release|Win32
		{F74613D8-F080-4B06-9D51-3963DE071E4C}.Debug|x64.ActiveCfg = Debug|x64
		{F74613D8-F080-4B06-9D51-3963DE071E4C}.Debug|x64.Build.0 = Debug|x64
		{F74613D8-F080-4B06-9D51-3963DE071E4C}.Debug|x86.ActiveCfg = Debug|Win32
		{F74613D8-F080-4B06-9D51-3963DE071E4C}.Debug|x86.Build.0 = Debug|Win32
		{F74613D8-F080-4B06-9D51-3963DE071E4C}.Release|x64.ActiveCfg = Release|x64
		{F74613D8-F080-4B06-9D51-3963DE071E4C}.Release|x64.Build.0 = Release|x64
		{F74613D8-F080-4B06-9D51-3963DE071E4C}.Release|x86.ActiveCfg = Release|Win32
		{F74613D8-F080-4B06-9D51-3963DE071E4C}.Release|x86.Build.0 = Release|Win32
		{353DC91C-7C9C-46FF-A554-3DF18F7895AA}.Debug|x64.ActiveCfg = Debug|x64
		{353DC91C-7C9C-46FF-A554-3DF18F7895AA}.Debug|x64.Build.0 = Debug|x64
		{353DC91C-7C9C-46FF-A554-3DF18F7895AA}.Debug|x86.ActiveCfg = Debug|Win32
		{353DC91C-7C9C-46FF-A554-3DF18F7895AA}.Debug|x86.Build.0 = Debug|Win32
		{353DC91C-7C9C-46FF-A554-3DF18F7895AA}.Release|x64.ActiveCfg = Release|x64
		{353DC91C-7C9C-46FF-A554-3DF18F7895AA}.Release|x64.Build.0 = Release|x64
		{353DC91C-7C9C-46FF-A554-3DF18F7895AA}.Release|x86.ActiveCfg = Release|Win32
		{353DC91C-7C9C-46FF-A554-3DF18F7895AA}.Release|x86.Build.0 = Release|Win32
		{72AFD829-9419-401D-9B8D-CEACC96B7C70}.Debug|x64.ActiveCfg = Debug|x64
		{72AFD829-9419-401D-9B8D-CEACC96B7C70}.Debug|x64.Build.0 = Debug|x64
		{72AFD829-9419-401D-9B8D-CEACC96B7C70}.Debug|x86.ActiveCfg = Debug|Win32
		{72AFD829-9419-401D-9B8D-CEACC96B7C70}.Debug|x86.Build.0 = Debug|Win32
		{72AFD829-9419-401D-9B8D-CEACC96B7C70}.Release|x64.ActiveCfg = Release|x64
		{72AFD829-9419-401D-9B8D-CEACC96B7C70}.Release|x64.Build.0 = Release|x64
		{72AFD829-9419-401D-9B8D-CEACC96B7C70}.Release|x86.ActiveCfg = Release|Win32
		{72AFD829-9419-401D-9B8D-CEACC96B7C70}.Release|x86.Build.0 = Release|Win32
		{4C1B2EAD-2366-48BC-B596-5855FAA71930}.Debug|x64.ActiveCfg = Debug|x64
		{4C1B2EAD-2366-48BC-B596-5855FAA71930}.Debug|x64.Build.0 = Debug|x64
		{4C1B2EAD-2366-48BC-B596-5855FAA71930}.Debug|x86.ActiveCfg = Debug|Win32
		{4C1B2EAD-2366-48BC-B596-5855FAA71930}.Debug|x86.Build.0 = Debug|Win32
		{4C1B2EAD-2366-48BC-B596-5855FAA71930}.Release|x64.ActiveCfg = Release|x64
		{4C1B2EAD-2366-48BC-B596-5855FAA71930}.Release|x64.Build.0 = Release|x64
		{4C1B2EAD-2366-48BC-B596-5855FAA71930}.Release|x86.ActiveCfg = Release|Win32
		{4C1B2EAD-2366-48BC-B596-5855FAA71930}.Release|x86.Build.0 = Release|Win32
		{F273BCEF-81E9-44EA-9A03-A49359ED905C}.Debug|x64.ActiveCfg = Debug|x64
		{F273BCEF-81E9-44EA-9A03-A49359ED905C}.Debug|x64.Build.0 = Debug|x64
		{F273BCEF-81E9-44EA-9A03-A49359ED905C}.Debug|x86.ActiveCfg = Debug|Win32
		{F273BCEF-81E9-44EA-9A03-A49359ED905C}.Debug|x86.Build.0 = Debug|Win32
		{F273BCEF-81E9-44EA-9A03-A49359ED905C}.Release|x64.ActiveCfg = Release|x64
		{F273BCEF-81E9-44EA-9A03-A49359ED905C}.Release|x64.Build.0 = Release|x64
		{F273BCEF-81E9-44EA-9A03-A49359ED905C}.Release|x86.ActiveCfg = Release|Win32
		{F273BCEF-81E9-44EA-9A03-A49359ED905C}.Release|x86.Build.0 = Release|Win32
	EndGlobalSection
	GlobalSection(SolutionProperties) = preSolution
		HideSolutionNode = FALSE
	EndGlobalSection
EndGlobal
