
Microsoft Visual Studio Solution File, Format Version 12.00
# Visual Studio 14
VisualStudioVersion = 14.0.25420.1
MinimumVisualStudioVersion = 10.0.40219.1
Project("{8BC9CEB8-8B4A-11D0-8D11-00A0C91BC942}") = "vvv", "vvv\vvv.vcxproj", "{D7886B40-9100-4447-95EB-CE558C515560}"
	ProjectSection(ProjectDependencies) = postProject
		{72AFD829-9419-401D-9B8D-CEACC96B7C70} = {72AFD829-9419-401D-9B8D-CEACC96B7C70}
		{13B9F65A-B827-44ED-A7D1-351C20B90D8F} = {13B9F65A-B827-44ED-A7D1-351C20B90D8F}
		{F74613D8-F080-4B06-9D51-3963DE071E4C} = {F74613D8-F080-4B06-9D51-3963DE071E4C}
		{6D8A3FE3-46F1-47F8-B201-5E733732D091} = {6D8A3FE3-46F1-47F8-B201-5E733732D091}
	EndProjectSection
EndProject
Project("{8BC9CEB8-8B4A-11D0-8D11-00A0C91BC942}") = "s0", "s0\s0.vcxproj", "{F74613D8-F080-4B06-9D51-3963DE071E4C}"
	ProjectSection(ProjectDependencies) = postProject
		{62FA1017-2C9F-4115-A45C-F22AE8E0D767} = {62FA1017-2C9F-4115-A45C-F22AE8E0D767}
		{72AFD829-9419-401D-9B8D-CEACC96B7C70} = {72AFD829-9419-401D-9B8D-CEACC96B7C70}
	EndProjectSection
EndProject
Project("{8BC9CEB8-8B4A-11D0-8D11-00A0C91BC942}") = "Utils", "Utils\Utils.vcxproj", "{72AFD829-9419-401D-9B8D-CEACC96B7C70}"
EndProject
Project("{2150E333-8FDC-42A3-9474-1A3956D46DE8}") = "Solution Items", "Solution Items", "{534CCC4B-A48C-4DBF-AA58-D9AE28EE7D46}"
	ProjectSection(SolutionItems) = preProject
		CommonEnv.h = CommonEnv.h
	EndProjectSection
EndProject
Project("{8BC9CEB8-8B4A-11D0-8D11-00A0C91BC942}") = "dbg", "dbg\dbg.vcxproj", "{62FA1017-2C9F-4115-A45C-F22AE8E0D767}"
	ProjectSection(ProjectDependencies) = postProject
		{72AFD829-9419-401D-9B8D-CEACC96B7C70} = {72AFD829-9419-401D-9B8D-CEACC96B7C70}
	EndProjectSection
EndProject
Project("{8BC9CEB8-8B4A-11D0-8D11-00A0C91BC942}") = "ConfigMgr", "ConfigMgr\ConfigMgr.vcxproj", "{13B9F65A-B827-44ED-A7D1-351C20B90D8F}"
	ProjectSection(ProjectDependencies) = postProject
		{62FA1017-2C9F-4115-A45C-F22AE8E0D767} = {62FA1017-2C9F-4115-A45C-F22AE8E0D767}
		{F74613D8-F080-4B06-9D51-3963DE071E4C} = {F74613D8-F080-4B06-9D51-3963DE071E4C}
	EndProjectSection
EndProject
Project("{8BC9CEB8-8B4A-11D0-8D11-00A0C91BC942}") = "OraUtils", "OraUtils\OraUtils.vcxproj", "{0C5B056C-F33D-4BA0-8572-AC1E3DEF3FBD}"
	ProjectSection(ProjectDependencies) = postProject
		{62FA1017-2C9F-4115-A45C-F22AE8E0D767} = {62FA1017-2C9F-4115-A45C-F22AE8E0D767}
	EndProjectSection
EndProject
Project("{8BC9CEB8-8B4A-11D0-8D11-00A0C91BC942}") = "DBConnection", "DBConnection\DBConnection.vcxproj", "{6D8A3FE3-46F1-47F8-B201-5E733732D091}"
EndProject
Global
	GlobalSection(SolutionConfigurationPlatforms) = preSolution
		Debug|x64 = Debug|x64
		Debug|x86 = Debug|x86
		Release|x64 = Release|x64
		Release|x86 = Release|x86
	EndGlobalSection
	GlobalSection(ProjectConfigurationPlatforms) = postSolution
		{D7886B40-9100-4447-95EB-CE558C515560}.Debug|x64.ActiveCfg = Debug|x64
		{D7886B40-9100-4447-95EB-CE558C515560}.Debug|x64.Build.0 = Debug|x64
		{D7886B40-9100-4447-95EB-CE558C515560}.Debug|x86.ActiveCfg = Debug|Win32
		{D7886B40-9100-4447-95EB-CE558C515560}.Debug|x86.Build.0 = Debug|Win32
		{D7886B40-9100-4447-95EB-CE558C515560}.Release|x64.ActiveCfg = Release|x64
		{D7886B40-9100-4447-95EB-CE558C515560}.Release|x64.Build.0 = Release|x64
		{D7886B40-9100-4447-95EB-CE558C515560}.Release|x86.ActiveCfg = Release|Win32
		{D7886B40-9100-4447-95EB-CE558C515560}.Release|x86.Build.0 = Release|Win32
		{F74613D8-F080-4B06-9D51-3963DE071E4C}.Debug|x64.ActiveCfg = Debug|x64
		{F74613D8-F080-4B06-9D51-3963DE071E4C}.Debug|x64.Build.0 = Debug|x64
		{F74613D8-F080-4B06-9D51-3963DE071E4C}.Debug|x86.ActiveCfg = Debug|Win32
		{F74613D8-F080-4B06-9D51-3963DE071E4C}.Debug|x86.Build.0 = Debug|Win32
		{F74613D8-F080-4B06-9D51-3963DE071E4C}.Release|x64.ActiveCfg = Release|x64
		{F74613D8-F080-4B06-9D51-3963DE071E4C}.Release|x64.Build.0 = Release|x64
		{F74613D8-F080-4B06-9D51-3963DE071E4C}.Release|x86.ActiveCfg = Release|Win32
		{F74613D8-F080-4B06-9D51-3963DE071E4C}.Release|x86.Build.0 = Release|Win32
		{72AFD829-9419-401D-9B8D-CEACC96B7C70}.Debug|x64.ActiveCfg = Debug|x64
		{72AFD829-9419-401D-9B8D-CEACC96B7C70}.Debug|x64.Build.0 = Debug|x64
		{72AFD829-9419-401D-9B8D-CEACC96B7C70}.Debug|x86.ActiveCfg = Debug|Win32
		{72AFD829-9419-401D-9B8D-CEACC96B7C70}.Debug|x86.Build.0 = Debug|Win32
		{72AFD829-9419-401D-9B8D-CEACC96B7C70}.Release|x64.ActiveCfg = Release|x64
		{72AFD829-9419-401D-9B8D-CEACC96B7C70}.Release|x64.Build.0 = Release|x64
		{72AFD829-9419-401D-9B8D-CEACC96B7C70}.Release|x86.ActiveCfg = Release|Win32
		{72AFD829-9419-401D-9B8D-CEACC96B7C70}.Release|x86.Build.0 = Release|Win32
		{62FA1017-2C9F-4115-A45C-F22AE8E0D767}.Debug|x64.ActiveCfg = Debug|x64
		{62FA1017-2C9F-4115-A45C-F22AE8E0D767}.Debug|x64.Build.0 = Debug|x64
		{62FA1017-2C9F-4115-A45C-F22AE8E0D767}.Debug|x86.ActiveCfg = Debug|Win32
		{62FA1017-2C9F-4115-A45C-F22AE8E0D767}.Debug|x86.Build.0 = Debug|Win32
		{62FA1017-2C9F-4115-A45C-F22AE8E0D767}.Release|x64.ActiveCfg = Release|x64
		{62FA1017-2C9F-4115-A45C-F22AE8E0D767}.Release|x64.Build.0 = Release|x64
		{62FA1017-2C9F-4115-A45C-F22AE8E0D767}.Release|x86.ActiveCfg = Release|Win32
		{62FA1017-2C9F-4115-A45C-F22AE8E0D767}.Release|x86.Build.0 = Release|Win32
		{13B9F65A-B827-44ED-A7D1-351C20B90D8F}.Debug|x64.ActiveCfg = Debug|x64
		{13B9F65A-B827-44ED-A7D1-351C20B90D8F}.Debug|x64.Build.0 = Debug|x64
		{13B9F65A-B827-44ED-A7D1-351C20B90D8F}.Debug|x86.ActiveCfg = Debug|Win32
		{13B9F65A-B827-44ED-A7D1-351C20B90D8F}.Debug|x86.Build.0 = Debug|Win32
		{13B9F65A-B827-44ED-A7D1-351C20B90D8F}.Release|x64.ActiveCfg = Release|x64
		{13B9F65A-B827-44ED-A7D1-351C20B90D8F}.Release|x64.Build.0 = Release|x64
		{13B9F65A-B827-44ED-A7D1-351C20B90D8F}.Release|x86.ActiveCfg = Release|Win32
		{13B9F65A-B827-44ED-A7D1-351C20B90D8F}.Release|x86.Build.0 = Release|Win32
		{0C5B056C-F33D-4BA0-8572-AC1E3DEF3FBD}.Debug|x64.ActiveCfg = Debug|x64
		{0C5B056C-F33D-4BA0-8572-AC1E3DEF3FBD}.Debug|x64.Build.0 = Debug|x64
		{0C5B056C-F33D-4BA0-8572-AC1E3DEF3FBD}.Debug|x86.ActiveCfg = Debug|Win32
		{0C5B056C-F33D-4BA0-8572-AC1E3DEF3FBD}.Debug|x86.Build.0 = Debug|Win32
		{0C5B056C-F33D-4BA0-8572-AC1E3DEF3FBD}.Release|x64.ActiveCfg = Release|x64
		{0C5B056C-F33D-4BA0-8572-AC1E3DEF3FBD}.Release|x64.Build.0 = Release|x64
		{0C5B056C-F33D-4BA0-8572-AC1E3DEF3FBD}.Release|x86.ActiveCfg = Release|Win32
		{0C5B056C-F33D-4BA0-8572-AC1E3DEF3FBD}.Release|x86.Build.0 = Release|Win32
		{6D8A3FE3-46F1-47F8-B201-5E733732D091}.Debug|x64.ActiveCfg = Debug|x64
		{6D8A3FE3-46F1-47F8-B201-5E733732D091}.Debug|x64.Build.0 = Debug|x64
		{6D8A3FE3-46F1-47F8-B201-5E733732D091}.Debug|x86.ActiveCfg = Debug|Win32
		{6D8A3FE3-46F1-47F8-B201-5E733732D091}.Debug|x86.Build.0 = Debug|Win32
		{6D8A3FE3-46F1-47F8-B201-5E733732D091}.Release|x64.ActiveCfg = Release|x64
		{6D8A3FE3-46F1-47F8-B201-5E733732D091}.Release|x64.Build.0 = Release|x64
		{6D8A3FE3-46F1-47F8-B201-5E733732D091}.Release|x86.ActiveCfg = Release|Win32
		{6D8A3FE3-46F1-47F8-B201-5E733732D091}.Release|x86.Build.0 = Release|Win32
	EndGlobalSection
	GlobalSection(SolutionProperties) = preSolution
		HideSolutionNode = FALSE
	EndGlobalSection
EndGlobal
